{
    "name": "nebulaweb",
    "version": "7.0.4",
    "lockfileVersion": 2,
    "requires": true,
    "packages": {
        "": {
            "name": "nebulaweb",
            "version": "7.0.4",
            "license": "MIT",
            "dependencies": {
                "@tomphttp/bare-server-node": "^1.0.2-beta-readme5",
                "bare-server-node": "github:tomphttp/bare-server-node",
                "crypto-js": "4.1.1",
                "css-tree": "^2.1.0",
                "node-fetch": "^3.2.6",
                "node-static": "^0.7.11",
                "ws": "^8.8.1"
            }
        },
        "node_modules/@tomphttp/bare-server-node": {
            "version": "1.0.3",
            "resolved": "https://registry.npmjs.org/@tomphttp/bare-server-node/-/bare-server-node-1.0.3.tgz",
            "integrity": "sha512-mKMipi9qntDy3wcalWGuK3iKzM0XQT4sW3E6yRXeIU4BxFZVSLzSDejPxL6wWwniKGm0faSwZ4Pk0dQ04JEFNA==",
            "dependencies": {
                "commander": "^9.0.0",
                "dotenv": "^16.0.1",
                "headers-polyfill": "^3.0.10",
                "http-errors": "^2.0.0"
            },
            "bin": {
                "bare-server-node": "scripts/cli.js"
            },
            "engines": {
                "node": ">=16.0.0"
            }
        },
        "node_modules/bare-server-node": {
            "name": "@tomphttp/bare-server-node",
            "version": "1.0.3-deps2",
            "resolved": "git+ssh://git@github.com/tomphttp/bare-server-node.git#c5a87ef6c063c4728bb88a362db9581f26be2225",
            "license": "GPL-3.0",
            "dependencies": {
                "commander": "^9.0.0",
                "dotenv": "^16.0.1",
                "headers-polyfill": "^3.0.10",
                "http-errors": "^2.0.0"
            },
            "bin": {
                "bare-server-node": "scripts/cli.js"
            },
            "engines": {
                "node": ">=16.0.0"
            }
        },
        "node_modules/colors": {
            "version": "1.4.0",
            "resolved": "https://registry.npmjs.org/colors/-/colors-1.4.0.tgz",
            "integrity": "sha512-a+UqTh4kgZg/SlGvfbzDHpgRu7AAQOmmqRHJnxhRZICKFUT91brVhNNt58CMWU9PsBbv3PDCZUHbVxuDiH2mtA==",
            "engines": {
                "node": ">=0.1.90"
            }
        },
        "node_modules/commander": {
            "version": "9.4.0",
            "resolved": "https://registry.npmjs.org/commander/-/commander-9.4.0.tgz",
            "integrity": "sha512-sRPT+umqkz90UA8M1yqYfnHlZA7fF6nSphDtxeywPZ49ysjxDQybzk13CL+mXekDRG92skbcqCLVovuCusNmFw==",
            "engines": {
                "node": "^12.20.0 || >=14"
            }
        },
        "node_modules/crypto-js": {
            "version": "4.1.1",
            "resolved": "https://registry.npmjs.org/crypto-js/-/crypto-js-4.1.1.tgz",
            "integrity": "sha512-o2JlM7ydqd3Qk9CA0L4NL6mTzU2sdx96a+oOfPu8Mkl/PK51vSyoi8/rQ8NknZtk44vq15lmhAj9CIAGwgeWKw=="
        },
        "node_modules/css-tree": {
            "version": "2.2.1",
            "resolved": "https://registry.npmjs.org/css-tree/-/css-tree-2.2.1.tgz",
            "integrity": "sha512-OA0mILzGc1kCOCSJerOeqDxDQ4HOh+G8NbOJFOTgOCzpw7fCBubk0fEyxp8AgOL/jvLgYA/uV0cMbe43ElF1JA==",
            "dependencies": {
                "mdn-data": "2.0.28",
                "source-map-js": "^1.0.1"
            },
            "engines": {
                "node": "^10 || ^12.20.0 || ^14.13.0 || >=15.0.0",
                "npm": ">=7.0.0"
            }
        },
        "node_modules/data-uri-to-buffer": {
            "version": "4.0.0",
            "resolved": "https://registry.npmjs.org/data-uri-to-buffer/-/data-uri-to-buffer-4.0.0.tgz",
            "integrity": "sha512-Vr3mLBA8qWmcuschSLAOogKgQ/Jwxulv3RNE4FXnYWRGujzrRWQI4m12fQqRkwX06C0KanhLr4hK+GydchZsaA==",
            "engines": {
                "node": ">= 12"
            }
        },
        "node_modules/depd": {
            "version": "2.0.0",
            "resolved": "https://registry.npmjs.org/depd/-/depd-2.0.0.tgz",
            "integrity": "sha512-g7nH6P6dyDioJogAAGprGpCtVImJhpPk/roCzdb3fIh61/s/nPsfR6onyMwkCAR/OlC3yBC0lESvUoQEAssIrw==",
            "engines": {
                "node": ">= 0.8"
            }
        },
        "node_modules/dotenv": {
            "version": "16.0.1",
            "resolved": "https://registry.npmjs.org/dotenv/-/dotenv-16.0.1.tgz",
            "integrity": "sha512-1K6hR6wtk2FviQ4kEiSjFiH5rpzEVi8WW0x96aztHVMhEspNpc4DVOUTEHtEva5VThQ8IaBX1Pe4gSzpVVUsKQ==",
            "engines": {
                "node": ">=12"
            }
        },
        "node_modules/fetch-blob": {
            "version": "3.2.0",
            "resolved": "https://registry.npmjs.org/fetch-blob/-/fetch-blob-3.2.0.tgz",
            "integrity": "sha512-7yAQpD2UMJzLi1Dqv7qFYnPbaPx7ZfFK6PiIxQ4PfkGPyNyl2Ugx+a/umUonmKqjhM4DnfbMvdX6otXq83soQQ==",
            "funding": [
                {
                    "type": "github",
                    "url": "https://github.com/sponsors/jimmywarting"
                },
                {
                    "type": "paypal",
                    "url": "https://paypal.me/jimmywarting"
                }
            ],
            "dependencies": {
                "node-domexception": "^1.0.0",
                "web-streams-polyfill": "^3.0.3"
            },
            "engines": {
                "node": "^12.20 || >= 14.13"
            }
        },
        "node_modules/formdata-polyfill": {
            "version": "4.0.10",
            "resolved": "https://registry.npmjs.org/formdata-polyfill/-/formdata-polyfill-4.0.10.tgz",
            "integrity": "sha512-buewHzMvYL29jdeQTVILecSaZKnt/RJWjoZCF5OW60Z67/GmSLBkOFM7qh1PI3zFNtJbaZL5eQu1vLfazOwj4g==",
            "dependencies": {
                "fetch-blob": "^3.1.2"
            },
            "engines": {
                "node": ">=12.20.0"
            }
        },
        "node_modules/headers-polyfill": {
            "version": "3.0.10",
            "resolved": "https://registry.npmjs.org/headers-polyfill/-/headers-polyfill-3.0.10.tgz",
            "integrity": "sha512-lOhQU7iG3AMcjmb8NIWCa+KwfJw5bY44BoWPtrj5A4iDbSD3ylGf5QcYr0ZyQnhkKQ2GgWNLdF2rfrXtXlF3nQ=="
        },
        "node_modules/http-errors": {
            "version": "2.0.0",
            "resolved": "https://registry.npmjs.org/http-errors/-/http-errors-2.0.0.tgz",
            "integrity": "sha512-FtwrG/euBzaEjYeRqOgly7G0qviiXoJWnvEH2Z1plBdXgbyjv34pHTSb9zoeHMyDy33+DWy5Wt9Wo+TURtOYSQ==",
            "dependencies": {
                "depd": "2.0.0",
                "inherits": "2.0.4",
                "setprototypeof": "1.2.0",
                "statuses": "2.0.1",
                "toidentifier": "1.0.1"
            },
            "engines": {
                "node": ">= 0.8"
            }
        },
        "node_modules/inherits": {
            "version": "2.0.4",
            "resolved": "https://registry.npmjs.org/inherits/-/inherits-2.0.4.tgz",
            "integrity": "sha512-k/vGaX4/Yla3WzyMCvTQOXYeIHvqOKtnqBduzTHpzpQZzAskKMhZ2K+EnBiSM9zGSoIFeMpXKxa4dYeZIQqewQ=="
        },
        "node_modules/mdn-data": {
            "version": "2.0.28",
            "resolved": "https://registry.npmjs.org/mdn-data/-/mdn-data-2.0.28.tgz",
            "integrity": "sha512-aylIc7Z9y4yzHYAJNuESG3hfhC+0Ibp/MAMiaOZgNv4pmEdFyfZhhhny4MNiAfWdBQ1RQ2mfDWmM1x8SvGyp8g=="
        },
        "node_modules/mime": {
            "version": "1.6.0",
            "resolved": "https://registry.npmjs.org/mime/-/mime-1.6.0.tgz",
            "integrity": "sha512-x0Vn8spI+wuJ1O6S7gnbaQg8Pxh4NNHb7KSINmEWKiPE4RKOplvijn+NkmYmmRgP68mc70j2EbeTFRsrswaQeg==",
            "bin": {
                "mime": "cli.js"
            },
            "engines": {
                "node": ">=4"
            }
        },
        "node_modules/minimist": {
            "version": "0.0.10",
            "resolved": "https://registry.npmjs.org/minimist/-/minimist-0.0.10.tgz",
            "integrity": "sha512-iotkTvxc+TwOm5Ieim8VnSNvCDjCK9S8G3scJ50ZthspSxa7jx50jkhYduuAtAjvfDUwSgOwf8+If99AlOEhyw=="
        },
        "node_modules/node-domexception": {
            "version": "1.0.0",
            "resolved": "https://registry.npmjs.org/node-domexception/-/node-domexception-1.0.0.tgz",
            "integrity": "sha512-/jKZoMpw0F8GRwl4/eLROPA3cfcXtLApP0QzLmUT/HuPCZWyB7IY9ZrMeKw2O/nFIqPQB3PVM9aYm0F312AXDQ==",
            "funding": [
                {
                    "type": "github",
                    "url": "https://github.com/sponsors/jimmywarting"
                },
                {
                    "type": "github",
                    "url": "https://paypal.me/jimmywarting"
                }
            ],
            "engines": {
                "node": ">=10.5.0"
            }
        },
        "node_modules/node-fetch": {
            "version": "3.2.10",
            "resolved": "https://registry.npmjs.org/node-fetch/-/node-fetch-3.2.10.tgz",
            "integrity": "sha512-MhuzNwdURnZ1Cp4XTazr69K0BTizsBroX7Zx3UgDSVcZYKF/6p0CBe4EUb/hLqmzVhl0UpYfgRljQ4yxE+iCxA==",
            "dependencies": {
                "data-uri-to-buffer": "^4.0.0",
                "fetch-blob": "^3.1.4",
                "formdata-polyfill": "^4.0.10"
            },
            "engines": {
                "node": "^12.20.0 || ^14.13.1 || >=16.0.0"
            },
            "funding": {
                "type": "opencollective",
                "url": "https://opencollective.com/node-fetch"
            }
        },
        "node_modules/node-static": {
            "version": "0.7.11",
            "resolved": "https://registry.npmjs.org/node-static/-/node-static-0.7.11.tgz",
            "integrity": "sha512-zfWC/gICcqb74D9ndyvxZWaI1jzcoHmf4UTHWQchBNuNMxdBLJMDiUgZ1tjGLEIe/BMhj2DxKD8HOuc2062pDQ==",
            "dependencies": {
                "colors": ">=0.6.0",
                "mime": "^1.2.9",
                "optimist": ">=0.3.4"
            },
            "bin": {
                "static": "bin/cli.js"
            },
            "engines": {
                "node": ">= 0.4.1"
            }
        },
        "node_modules/optimist": {
            "version": "0.6.1",
            "resolved": "https://registry.npmjs.org/optimist/-/optimist-0.6.1.tgz",
            "integrity": "sha512-snN4O4TkigujZphWLN0E//nQmm7790RYaE53DdL7ZYwee2D8DDo9/EyYiKUfN3rneWUjhJnueija3G9I2i0h3g==",
            "dependencies": {
                "minimist": "~0.0.1",
                "wordwrap": "~0.0.2"
            }
        },
        "node_modules/setprototypeof": {
            "version": "1.2.0",
            "resolved": "https://registry.npmjs.org/setprototypeof/-/setprototypeof-1.2.0.tgz",
            "integrity": "sha512-E5LDX7Wrp85Kil5bhZv46j8jOeboKq5JMmYM3gVGdGH8xFpPWXUMsNrlODCrkoxMEeNi/XZIwuRvY4XNwYMJpw=="
        },
        "node_modules/source-map-js": {
            "version": "1.0.2",
            "resolved": "https://registry.npmjs.org/source-map-js/-/source-map-js-1.0.2.tgz",
            "integrity": "sha512-R0XvVJ9WusLiqTCEiGCmICCMplcCkIwwR11mOSD9CR5u+IXYdiseeEuXCVAjS54zqwkLcPNnmU4OeJ6tUrWhDw==",
            "engines": {
                "node": ">=0.10.0"
            }
        },
        "node_modules/statuses": {
            "version": "2.0.1",
            "resolved": "https://registry.npmjs.org/statuses/-/statuses-2.0.1.tgz",
            "integrity": "sha512-RwNA9Z/7PrK06rYLIzFMlaF+l73iwpzsqRIFgbMLbTcLD6cOao82TaWefPXQvB2fOC4AjuYSEndS7N/mTCbkdQ==",
            "engines": {
                "node": ">= 0.8"
            }
        },
        "node_modules/toidentifier": {
            "version": "1.0.1",
            "resolved": "https://registry.npmjs.org/toidentifier/-/toidentifier-1.0.1.tgz",
            "integrity": "sha512-o5sSPKEkg/DIQNmH43V0/uerLrpzVedkUh8tGNvaeXpfpuwjKenlSox/2O/BTlZUtEe+JG7s5YhEz608PlAHRA==",
            "engines": {
                "node": ">=0.6"
            }
        },
        "node_modules/web-streams-polyfill": {
            "version": "3.2.1",
            "resolved": "https://registry.npmjs.org/web-streams-polyfill/-/web-streams-polyfill-3.2.1.tgz",
            "integrity": "sha512-e0MO3wdXWKrLbL0DgGnUV7WHVuw9OUvL4hjgnPkIeEvESk74gAITi5G606JtZPp39cd8HA9VQzCIvA49LpPN5Q==",
            "engines": {
                "node": ">= 8"
            }
        },
        "node_modules/wordwrap": {
            "version": "0.0.3",
            "resolved": "https://registry.npmjs.org/wordwrap/-/wordwrap-0.0.3.tgz",
            "integrity": "sha512-1tMA907+V4QmxV7dbRvb4/8MaRALK6q9Abid3ndMYnbyo8piisCmeONVqVSXqQA3KaP4SLt5b7ud6E2sqP8TFw==",
            "engines": {
                "node": ">=0.4.0"
            }
        },
        "node_modules/ws": {
            "version": "8.8.1",
            "resolved": "https://registry.npmjs.org/ws/-/ws-8.8.1.tgz",
            "integrity": "sha512-bGy2JzvzkPowEJV++hF07hAD6niYSr0JzBNo/J29WsB57A2r7Wlc1UFcTR9IzrPvuNVO4B8LGqF8qcpsVOhJCA==",
            "engines": {
                "node": ">=10.0.0"
            },
            "peerDependencies": {
                "bufferutil": "^4.0.1",
                "utf-8-validate": "^5.0.2"
            },
            "peerDependenciesMeta": {
                "bufferutil": {
                    "optional": true
                },
                "utf-8-validate": {
                    "optional": true
                }
            }
        }
    },
    "dependencies": {
        "@tomphttp/bare-server-node": {
            "version": "1.0.3",
            "resolved": "https://registry.npmjs.org/@tomphttp/bare-server-node/-/bare-server-node-1.0.3.tgz",
            "integrity": "sha512-mKMipi9qntDy3wcalWGuK3iKzM0XQT4sW3E6yRXeIU4BxFZVSLzSDejPxL6wWwniKGm0faSwZ4Pk0dQ04JEFNA==",
            "requires": {
                "commander": "^9.0.0",
                "dotenv": "^16.0.1",
                "headers-polyfill": "^3.0.10",
                "http-errors": "^2.0.0"
            }
        },
        "bare-server-node": {
            "version": "git+ssh://git@github.com/tomphttp/bare-server-node.git#c5a87ef6c063c4728bb88a362db9581f26be2225",
            "from": "bare-server-node@github:tomphttp/bare-server-node",
            "requires": {
                "commander": "^9.0.0",
                "dotenv": "^16.0.1",
                "headers-polyfill": "^3.0.10",
                "http-errors": "^2.0.0"
            }
        },
        "colors": {
            "version": "1.4.0",
            "resolved": "https://registry.npmjs.org/colors/-/colors-1.4.0.tgz",
            "integrity": "sha512-a+UqTh4kgZg/SlGvfbzDHpgRu7AAQOmmqRHJnxhRZICKFUT91brVhNNt58CMWU9PsBbv3PDCZUHbVxuDiH2mtA=="
        },
        "commander": {
            "version": "9.4.0",
            "resolved": "https://registry.npmjs.org/commander/-/commander-9.4.0.tgz",
            "integrity": "sha512-sRPT+umqkz90UA8M1yqYfnHlZA7fF6nSphDtxeywPZ49ysjxDQybzk13CL+mXekDRG92skbcqCLVovuCusNmFw=="
        },
        "crypto-js": {
            "version": "4.1.1",
            "resolved": "https://registry.npmjs.org/crypto-js/-/crypto-js-4.1.1.tgz",
            "integrity": "sha512-o2JlM7ydqd3Qk9CA0L4NL6mTzU2sdx96a+oOfPu8Mkl/PK51vSyoi8/rQ8NknZtk44vq15lmhAj9CIAGwgeWKw=="
        },
        "css-tree": {
            "version": "2.2.1",
            "resolved": "https://registry.npmjs.org/css-tree/-/css-tree-2.2.1.tgz",
            "integrity": "sha512-OA0mILzGc1kCOCSJerOeqDxDQ4HOh+G8NbOJFOTgOCzpw7fCBubk0fEyxp8AgOL/jvLgYA/uV0cMbe43ElF1JA==",
            "requires": {
                "mdn-data": "2.0.28",
                "source-map-js": "^1.0.1"
            }
        },
        "data-uri-to-buffer": {
            "version": "4.0.0",
            "resolved": "https://registry.npmjs.org/data-uri-to-buffer/-/data-uri-to-buffer-4.0.0.tgz",
            "integrity": "sha512-Vr3mLBA8qWmcuschSLAOogKgQ/Jwxulv3RNE4FXnYWRGujzrRWQI4m12fQqRkwX06C0KanhLr4hK+GydchZsaA=="
        },
        "depd": {
            "version": "2.0.0",
            "resolved": "https://registry.npmjs.org/depd/-/depd-2.0.0.tgz",
            "integrity": "sha512-g7nH6P6dyDioJogAAGprGpCtVImJhpPk/roCzdb3fIh61/s/nPsfR6onyMwkCAR/OlC3yBC0lESvUoQEAssIrw=="
        },
        "dotenv": {
            "version": "16.0.1",
            "resolved": "https://registry.npmjs.org/dotenv/-/dotenv-16.0.1.tgz",
            "integrity": "sha512-1K6hR6wtk2FviQ4kEiSjFiH5rpzEVi8WW0x96aztHVMhEspNpc4DVOUTEHtEva5VThQ8IaBX1Pe4gSzpVVUsKQ=="
        },
        "fetch-blob": {
            "version": "3.2.0",
            "resolved": "https://registry.npmjs.org/fetch-blob/-/fetch-blob-3.2.0.tgz",
            "integrity": "sha512-7yAQpD2UMJzLi1Dqv7qFYnPbaPx7ZfFK6PiIxQ4PfkGPyNyl2Ugx+a/umUonmKqjhM4DnfbMvdX6otXq83soQQ==",
            "requires": {
                "node-domexception": "^1.0.0",
                "web-streams-polyfill": "^3.0.3"
            }
        },
        "formdata-polyfill": {
            "version": "4.0.10",
            "resolved": "https://registry.npmjs.org/formdata-polyfill/-/formdata-polyfill-4.0.10.tgz",
            "integrity": "sha512-buewHzMvYL29jdeQTVILecSaZKnt/RJWjoZCF5OW60Z67/GmSLBkOFM7qh1PI3zFNtJbaZL5eQu1vLfazOwj4g==",
            "requires": {
                "fetch-blob": "^3.1.2"
            }
        },
        "headers-polyfill": {
            "version": "3.0.10",
            "resolved": "https://registry.npmjs.org/headers-polyfill/-/headers-polyfill-3.0.10.tgz",
            "integrity": "sha512-lOhQU7iG3AMcjmb8NIWCa+KwfJw5bY44BoWPtrj5A4iDbSD3ylGf5QcYr0ZyQnhkKQ2GgWNLdF2rfrXtXlF3nQ=="
        },
        "http-errors": {
            "version": "2.0.0",
            "resolved": "https://registry.npmjs.org/http-errors/-/http-errors-2.0.0.tgz",
            "integrity": "sha512-FtwrG/euBzaEjYeRqOgly7G0qviiXoJWnvEH2Z1plBdXgbyjv34pHTSb9zoeHMyDy33+DWy5Wt9Wo+TURtOYSQ==",
            "requires": {
                "depd": "2.0.0",
                "inherits": "2.0.4",
                "setprototypeof": "1.2.0",
                "statuses": "2.0.1",
                "toidentifier": "1.0.1"
            }
        },
        "inherits": {
            "version": "2.0.4",
            "resolved": "https://registry.npmjs.org/inherits/-/inherits-2.0.4.tgz",
            "integrity": "sha512-k/vGaX4/Yla3WzyMCvTQOXYeIHvqOKtnqBduzTHpzpQZzAskKMhZ2K+EnBiSM9zGSoIFeMpXKxa4dYeZIQqewQ=="
        },
        "mdn-data": {
            "version": "2.0.28",
            "resolved": "https://registry.npmjs.org/mdn-data/-/mdn-data-2.0.28.tgz",
            "integrity": "sha512-aylIc7Z9y4yzHYAJNuESG3hfhC+0Ibp/MAMiaOZgNv4pmEdFyfZhhhny4MNiAfWdBQ1RQ2mfDWmM1x8SvGyp8g=="
        },
        "mime": {
            "version": "1.6.0",
            "resolved": "https://registry.npmjs.org/mime/-/mime-1.6.0.tgz",
            "integrity": "sha512-x0Vn8spI+wuJ1O6S7gnbaQg8Pxh4NNHb7KSINmEWKiPE4RKOplvijn+NkmYmmRgP68mc70j2EbeTFRsrswaQeg=="
        },
        "minimist": {
            "version": "0.0.10",
            "resolved": "https://registry.npmjs.org/minimist/-/minimist-0.0.10.tgz",
            "integrity": "sha512-iotkTvxc+TwOm5Ieim8VnSNvCDjCK9S8G3scJ50ZthspSxa7jx50jkhYduuAtAjvfDUwSgOwf8+If99AlOEhyw=="
        },
        "node-domexception": {
            "version": "1.0.0",
            "resolved": "https://registry.npmjs.org/node-domexception/-/node-domexception-1.0.0.tgz",
            "integrity": "sha512-/jKZoMpw0F8GRwl4/eLROPA3cfcXtLApP0QzLmUT/HuPCZWyB7IY9ZrMeKw2O/nFIqPQB3PVM9aYm0F312AXDQ=="
        },
        "node-fetch": {
            "version": "3.2.10",
            "resolved": "https://registry.npmjs.org/node-fetch/-/node-fetch-3.2.10.tgz",
            "integrity": "sha512-MhuzNwdURnZ1Cp4XTazr69K0BTizsBroX7Zx3UgDSVcZYKF/6p0CBe4EUb/hLqmzVhl0UpYfgRljQ4yxE+iCxA==",
            "requires": {
                "data-uri-to-buffer": "^4.0.0",
                "fetch-blob": "^3.1.4",
                "formdata-polyfill": "^4.0.10"
            }
        },
        "node-static": {
            "version": "0.7.11",
            "resolved": "https://registry.npmjs.org/node-static/-/node-static-0.7.11.tgz",
            "integrity": "sha512-zfWC/gICcqb74D9ndyvxZWaI1jzcoHmf4UTHWQchBNuNMxdBLJMDiUgZ1tjGLEIe/BMhj2DxKD8HOuc2062pDQ==",
            "requires": {
                "colors": ">=0.6.0",
                "mime": "^1.2.9",
                "optimist": ">=0.3.4"
            }
        },
        "optimist": {
            "version": "0.6.1",
            "resolved": "https://registry.npmjs.org/optimist/-/optimist-0.6.1.tgz",
            "integrity": "sha512-snN4O4TkigujZphWLN0E//nQmm7790RYaE53DdL7ZYwee2D8DDo9/EyYiKUfN3rneWUjhJnueija3G9I2i0h3g==",
            "requires": {
                "minimist": "~0.0.1",
                "wordwrap": "~0.0.2"
            }
        },
        "setprototypeof": {
            "version": "1.2.0",
            "resolved": "https://registry.npmjs.org/setprototypeof/-/setprototypeof-1.2.0.tgz",
            "integrity": "sha512-E5LDX7Wrp85Kil5bhZv46j8jOeboKq5JMmYM3gVGdGH8xFpPWXUMsNrlODCrkoxMEeNi/XZIwuRvY4XNwYMJpw=="
        },
        "source-map-js": {
            "version": "1.0.2",
            "resolved": "https://registry.npmjs.org/source-map-js/-/source-map-js-1.0.2.tgz",
            "integrity": "sha512-R0XvVJ9WusLiqTCEiGCmICCMplcCkIwwR11mOSD9CR5u+IXYdiseeEuXCVAjS54zqwkLcPNnmU4OeJ6tUrWhDw=="
        },
        "statuses": {
            "version": "2.0.1",
            "resolved": "https://registry.npmjs.org/statuses/-/statuses-2.0.1.tgz",
            "integrity": "sha512-RwNA9Z/7PrK06rYLIzFMlaF+l73iwpzsqRIFgbMLbTcLD6cOao82TaWefPXQvB2fOC4AjuYSEndS7N/mTCbkdQ=="
        },
        "toidentifier": {
            "version": "1.0.1",
            "resolved": "https://registry.npmjs.org/toidentifier/-/toidentifier-1.0.1.tgz",
            "integrity": "sha512-o5sSPKEkg/DIQNmH43V0/uerLrpzVedkUh8tGNvaeXpfpuwjKenlSox/2O/BTlZUtEe+JG7s5YhEz608PlAHRA=="
        },
        "web-streams-polyfill": {
            "version": "3.2.1",
            "resolved": "https://registry.npmjs.org/web-streams-polyfill/-/web-streams-polyfill-3.2.1.tgz",
            "integrity": "sha512-e0MO3wdXWKrLbL0DgGnUV7WHVuw9OUvL4hjgnPkIeEvESk74gAITi5G606JtZPp39cd8HA9VQzCIvA49LpPN5Q=="
        },
        "wordwrap": {
            "version": "0.0.3",
            "resolved": "https://registry.npmjs.org/wordwrap/-/wordwrap-0.0.3.tgz",
            "integrity": "sha512-1tMA907+V4QmxV7dbRvb4/8MaRALK6q9Abid3ndMYnbyo8piisCmeONVqVSXqQA3KaP4SLt5b7ud6E2sqP8TFw=="
        },
        "ws": {
            "version": "8.8.1",
            "resolved": "https://registry.npmjs.org/ws/-/ws-8.8.1.tgz",
            "integrity": "sha512-bGy2JzvzkPowEJV++hF07hAD6niYSr0JzBNo/J29WsB57A2r7Wlc1UFcTR9IzrPvuNVO4B8LGqF8qcpsVOhJCA==",
            "requires": {}
        }
    }
}
